# This file is automatically @generated by Cargo.
# It is not intended for manual editing.
version = 3

[[package]]
name = "jargon-args"
version = "0.2.5"
source = "registry+https://github.com/rust-lang/crates.io-index"
checksum = "e1e1a4272819cbb3e7d0290885b457d2f2df46dbc9c4f4511ef83797c7f688a7"

[[package]]
name = "sbsevery"
version = "0.1.0"
dependencies = [
 "jargon-args",
]
